
Microsoft Visual Studio Solution File, Format Version 12.00
# Visual Studio Version 16
VisualStudioVersion = 16.0.30320.27
MinimumVisualStudioVersion = 15.0.26124.0
Project("{9A19103F-16F7-4668-BE54-9A1E7A4F7556}") = "BasketAPI", "BasketAPI\BasketAPI.csproj", "{59B0A96C-B6B8-4B3A-B316-03AE861F0184}"
EndProject
Project("{2150E333-8FDC-42A3-9474-1A3956D46DE8}") = "Basket", "Basket", "{669363DF-2FB7-4D4F-963E-53019AA5C073}"
EndProject
Project("{2150E333-8FDC-42A3-9474-1A3956D46DE8}") = "Catalog", "Catalog", "{630AB888-7432-4AE9-A172-23C52F77D90A}"
EndProject
Project("{2150E333-8FDC-42A3-9474-1A3956D46DE8}") = "User", "User", "{E4385555-63FB-4C18-B83D-691FC9DBA503}"
EndProject
Project("{9A19103F-16F7-4668-BE54-9A1E7A4F7556}") = "UserAPI", "UserAPI\UserAPI.csproj", "{D9B29E5A-60C3-4590-8D89-3639648D4EF9}"
EndProject
Project("{2150E333-8FDC-42A3-9474-1A3956D46DE8}") = "Gateway", "Gateway", "{D9719F4F-9C03-43E3-9675-47EFC8D0E0B1}"
EndProject
Project("{9A19103F-16F7-4668-BE54-9A1E7A4F7556}") = "GatewayAPI", "GatewayAPI\GatewayAPI.csproj", "{F0B6D453-D532-4E75-BBF3-9BD68C19FD04}"
EndProject
Project("{9A19103F-16F7-4668-BE54-9A1E7A4F7556}") = "CatalogAPI", "Catalog\CatalogAPI\CatalogAPI.csproj", "{ACDD52B7-BC49-4467-B75B-9954A1D7B7DC}"
EndProject
Project("{9A19103F-16F7-4668-BE54-9A1E7A4F7556}") = "CatalogApplication", "Catalog\CatalogApplication\CatalogApplication.csproj", "{0AC303F8-BFA4-4458-BA4B-4009147C2C5A}"
EndProject
Project("{9A19103F-16F7-4668-BE54-9A1E7A4F7556}") = "CatalogDomain", "Catalog\CatalogDomain\CatalogDomain.csproj", "{D9964BFA-80A1-4C2A-BDD0-F5DA0097A8F3}"
EndProject
Project("{FAE04EC0-301F-11D3-BF4B-00C04F79EFBC}") = "CatalogPersistance", "Catalog\CatalogPersistance\CatalogPersistance.csproj", "{44C8161F-4E14-4284-8C74-E426EACD7DFB}"
EndProject
Global
	GlobalSection(SolutionConfigurationPlatforms) = preSolution
		Debug|Any CPU = Debug|Any CPU
		Release|Any CPU = Release|Any CPU
	EndGlobalSection
	GlobalSection(ProjectConfigurationPlatforms) = postSolution
		{59B0A96C-B6B8-4B3A-B316-03AE861F0184}.Debug|Any CPU.ActiveCfg = Debug|Any CPU
		{59B0A96C-B6B8-4B3A-B316-03AE861F0184}.Debug|Any CPU.Build.0 = Debug|Any CPU
		{59B0A96C-B6B8-4B3A-B316-03AE861F0184}.Release|Any CPU.ActiveCfg = Release|Any CPU
		{59B0A96C-B6B8-4B3A-B316-03AE861F0184}.Release|Any CPU.Build.0 = Release|Any CPU
		{D9B29E5A-60C3-4590-8D89-3639648D4EF9}.Debug|Any CPU.ActiveCfg = Debug|Any CPU
		{D9B29E5A-60C3-4590-8D89-3639648D4EF9}.Debug|Any CPU.Build.0 = Debug|Any CPU
		{D9B29E5A-60C3-4590-8D89-3639648D4EF9}.Release|Any CPU.ActiveCfg = Release|Any CPU
		{D9B29E5A-60C3-4590-8D89-3639648D4EF9}.Release|Any CPU.Build.0 = Release|Any CPU
		{F0B6D453-D532-4E75-BBF3-9BD68C19FD04}.Debug|Any CPU.ActiveCfg = Debug|Any CPU
		{F0B6D453-D532-4E75-BBF3-9BD68C19FD04}.Debug|Any CPU.Build.0 = Debug|Any CPU
		{F0B6D453-D532-4E75-BBF3-9BD68C19FD04}.Release|Any CPU.ActiveCfg = Release|Any CPU
		{F0B6D453-D532-4E75-BBF3-9BD68C19FD04}.Release|Any CPU.Build.0 = Release|Any CPU
		{ACDD52B7-BC49-4467-B75B-9954A1D7B7DC}.Debug|Any CPU.ActiveCfg = Debug|Any CPU
		{ACDD52B7-BC49-4467-B75B-9954A1D7B7DC}.Debug|Any CPU.Build.0 = Debug|Any CPU
		{ACDD52B7-BC49-4467-B75B-9954A1D7B7DC}.Release|Any CPU.ActiveCfg = Release|Any CPU
		{ACDD52B7-BC49-4467-B75B-9954A1D7B7DC}.Release|Any CPU.Build.0 = Release|Any CPU
		{0AC303F8-BFA4-4458-BA4B-4009147C2C5A}.Debug|Any CPU.ActiveCfg = Debug|Any CPU
		{0AC303F8-BFA4-4458-BA4B-4009147C2C5A}.Debug|Any CPU.Build.0 = Debug|Any CPU
		{0AC303F8-BFA4-4458-BA4B-4009147C2C5A}.Release|Any CPU.ActiveCfg = Release|Any CPU
		{0AC303F8-BFA4-4458-BA4B-4009147C2C5A}.Release|Any CPU.Build.0 = Release|Any CPU
		{D9964BFA-80A1-4C2A-BDD0-F5DA0097A8F3}.Debug|Any CPU.ActiveCfg = Debug|Any CPU
		{D9964BFA-80A1-4C2A-BDD0-F5DA0097A8F3}.Debug|Any CPU.Build.0 = Debug|Any CPU
		{D9964BFA-80A1-4C2A-BDD0-F5DA0097A8F3}.Release|Any CPU.ActiveCfg = Release|Any CPU
		{D9964BFA-80A1-4C2A-BDD0-F5DA0097A8F3}.Release|Any CPU.Build.0 = Release|Any CPU
		{44C8161F-4E14-4284-8C74-E426EACD7DFB}.Debug|Any CPU.ActiveCfg = Debug|Any CPU
		{44C8161F-4E14-4284-8C74-E426EACD7DFB}.Debug|Any CPU.Build.0 = Debug|Any CPU
		{44C8161F-4E14-4284-8C74-E426EACD7DFB}.Release|Any CPU.ActiveCfg = Release|Any CPU
		{44C8161F-4E14-4284-8C74-E426EACD7DFB}.Release|Any CPU.Build.0 = Release|Any CPU
	EndGlobalSection
	GlobalSection(SolutionProperties) = preSolution
		HideSolutionNode = FALSE
	EndGlobalSection
	GlobalSection(NestedProjects) = preSolution
		{59B0A96C-B6B8-4B3A-B316-03AE861F0184} = {669363DF-2FB7-4D4F-963E-53019AA5C073}
		{D9B29E5A-60C3-4590-8D89-3639648D4EF9} = {E4385555-63FB-4C18-B83D-691FC9DBA503}
		{F0B6D453-D532-4E75-BBF3-9BD68C19FD04} = {D9719F4F-9C03-43E3-9675-47EFC8D0E0B1}
		{ACDD52B7-BC49-4467-B75B-9954A1D7B7DC} = {630AB888-7432-4AE9-A172-23C52F77D90A}
		{0AC303F8-BFA4-4458-BA4B-4009147C2C5A} = {630AB888-7432-4AE9-A172-23C52F77D90A}
		{D9964BFA-80A1-4C2A-BDD0-F5DA0097A8F3} = {630AB888-7432-4AE9-A172-23C52F77D90A}
		{44C8161F-4E14-4284-8C74-E426EACD7DFB} = {630AB888-7432-4AE9-A172-23C52F77D90A}
	EndGlobalSection
	GlobalSection(ExtensibilityGlobals) = postSolution
		SolutionGuid = {26A5E892-B3EA-4F29-BDD8-4BE97713FA98}
	EndGlobalSection
EndGlobal
